
Microsoft Visual Studio Solution File, Format Version 12.00
# Visual Studio Version 17
VisualStudioVersion = 17.11.35222.181
MinimumVisualStudioVersion = 10.0.40219.1
Project("{8BC9CEB8-8B4A-11D0-8D11-00A0C91BC942}") = "OOP. Intro", "OOP. Intro.vcxproj", "{05392D67-4CF8-4079-BE31-B2312B036B29}"
EndProject
Global
	GlobalSection(SolutionConfigurationPlatforms) = preSolution
		Debug|x64 = Debug|x64
		Debug|x86 = Debug|x86
		Release|x64 = Release|x64
		Release|x86 = Release|x86
	EndGlobalSection
	GlobalSection(ProjectConfigurationPlatforms) = postSolution
		{05392D67-4CF8-4079-BE31-B2312B036B29}.Debug|x64.ActiveCfg = Debug|x64
		{05392D67-4CF8-4079-BE31-B2312B036B29}.Debug|x64.Build.0 = Debug|x64
		{05392D67-4CF8-4079-BE31-B2312B036B29}.Debug|x86.ActiveCfg = Debug|Win32
		{05392D67-4CF8-4079-BE31-B2312B036B29}.Debug|x86.Build.0 = Debug|Win32
		{05392D67-4CF8-4079-BE31-B2312B036B29}.Release|x64.ActiveCfg = Release|x64
		{05392D67-4CF8-4079-BE31-B2312B036B29}.Release|x64.Build.0 = Release|x64
		{05392D67-4CF8-4079-BE31-B2312B036B29}.Release|x86.ActiveCfg = Release|Win32
		{05392D67-4CF8-4079-BE31-B2312B036B29}.Release|x86.Build.0 = Release|Win32
	EndGlobalSection
	GlobalSection(SolutionProperties) = preSolution
		HideSolutionNode = FALSE
	EndGlobalSection
	GlobalSection(ExtensibilityGlobals) = postSolution
		SolutionGuid = {61F81572-767B-488D-980D-76F39874DCA0}
	EndGlobalSection
EndGlobal
